
Microsoft Visual Studio Solution File, Format Version 12.00
# Visual Studio Version 17
VisualStudioVersion = 17.10.35013.160
MinimumVisualStudioVersion = 10.0.40219.1
Project("{9A19103F-16F7-4668-BE54-9A1E7A4F7556}") = "PointOfSale-StaticList", "PointOfSale\PointOfSale-StaticList.csproj", "{54951F20-425F-4A10-A96C-FBC87F10418B}"
EndProject
Global
	GlobalSection(SolutionConfigurationPlatforms) = preSolution
		Debug|Any CPU = Debug|Any CPU
		Release|Any CPU = Release|Any CPU
	EndGlobalSection
	GlobalSection(ProjectConfigurationPlatforms) = postSolution
		{54951F20-425F-4A10-A96C-FBC87F10418B}.Debug|Any CPU.ActiveCfg = Debug|Any CPU
		{54951F20-425F-4A10-A96C-FBC87F10418B}.Debug|Any CPU.Build.0 = Debug|Any CPU
		{54951F20-425F-4A10-A96C-FBC87F10418B}.Release|Any CPU.ActiveCfg = Release|Any CPU
		{54951F20-425F-4A10-A96C-FBC87F10418B}.Release|Any CPU.Build.0 = Release|Any CPU
	EndGlobalSection
	GlobalSection(SolutionProperties) = preSolution
		HideSolutionNode = FALSE
	EndGlobalSection
	GlobalSection(ExtensibilityGlobals) = postSolution
		SolutionGuid = {19584EF7-936D-4FB4-AFA2-50FC5D17CF69}
	EndGlobalSection
EndGlobal
